
Microsoft Visual Studio Solution File, Format Version 12.00
# Visual Studio Version 16
VisualStudioVersion = 16.0.30615.102
MinimumVisualStudioVersion = 10.0.40219.1
Project("{FAE04EC0-301F-11D3-BF4B-00C04F79EFBC}") = "BlazorValidationsDemo", "BlazorValidationsDemo\BlazorValidationsDemo.csproj", "{1A0685CC-1FE1-4D10-9CBB-0A0C34C8DFC7}"
EndProject
Global
	GlobalSection(SolutionConfigurationPlatforms) = preSolution
		Debug|Any CPU = Debug|Any CPU
		Release|Any CPU = Release|Any CPU
	EndGlobalSection
	GlobalSection(ProjectConfigurationPlatforms) = postSolution
		{1A0685CC-1FE1-4D10-9CBB-0A0C34C8DFC7}.Debug|Any CPU.ActiveCfg = Debug|Any CPU
		{1A0685CC-1FE1-4D10-9CBB-0A0C34C8DFC7}.Debug|Any CPU.Build.0 = Debug|Any CPU
		{1A0685CC-1FE1-4D10-9CBB-0A0C34C8DFC7}.Release|Any CPU.ActiveCfg = Release|Any CPU
		{1A0685CC-1FE1-4D10-9CBB-0A0C34C8DFC7}.Release|Any CPU.Build.0 = Release|Any CPU
	EndGlobalSection
	GlobalSection(SolutionProperties) = preSolution
		HideSolutionNode = FALSE
	EndGlobalSection
	GlobalSection(ExtensibilityGlobals) = postSolution
		SolutionGuid = {510A3E31-C23B-4C02-8152-92534C3036D3}
	EndGlobalSection
EndGlobal
